
Microsoft Visual Studio Solution File, Format Version 12.00
# Visual Studio Version 17
VisualStudioVersion = 17.14.36203.30
MinimumVisualStudioVersion = 10.0.40219.1
Project("{FAE04EC0-301F-11D3-BF4B-00C04F79EFBC}") = "Sayo.Core", "Sayo.Core\Sayo.Core.csproj", "{51E9E4DE-8987-4342-9C36-A80864E42A57}"
EndProject
Project("{FAE04EC0-301F-11D3-BF4B-00C04F79EFBC}") = "Sayo.DesktopGL", "Sayo.DesktopGL\Sayo.DesktopGL.csproj", "{CE6C7637-2B0F-4F96-98AE-B6E778C385E7}"
EndProject
Project("{FAE04EC0-301F-11D3-BF4B-00C04F79EFBC}") = "Sayo.WindowsDX", "Sayo.WindowsDX\Sayo.WindowsDX.csproj", "{45706BCB-406D-4468-9ECD-453C4FC1D370}"
EndProject
Project("{FAE04EC0-301F-11D3-BF4B-00C04F79EFBC}") = "SayoKNI.BlazorGL", "..\SayoKNI\SayoKNI.BlazorGL\SayoKNI.BlazorGL.csproj", "{7ECF106A-6FBC-4107-8C3E-B9D06A8EF69B}"
EndProject
Project("{FAE04EC0-301F-11D3-BF4B-00C04F79EFBC}") = "SayoKNI.DesktopGL", "..\SayoKNI\SayoKNI.DesktopGL\SayoKNI.DesktopGL.csproj", "{9AF6D024-5483-4B30-96F0-3CE66C8A0DC7}"
EndProject
Project("{D954291E-2A0B-460D-934E-DC6B0785DB48}") = "SayoKNI.Shared", "..\SayoKNI\SayoKNI.Shared\SayoKNI.Shared.shproj", "{41258357-1B45-41C2-AE51-B33D37137EDF}"
EndProject
Project("{FAE04EC0-301F-11D3-BF4B-00C04F79EFBC}") = "SayoKNI.WindowsDX", "..\SayoKNI\SayoKNI.WindowsDX\SayoKNI.WindowsDX.csproj", "{F28B1A02-B74F-4D96-9488-EC6041D8BBD1}"
EndProject
Project("{2150E333-8FDC-42A3-9474-1A3956D46DE8}") = "KNI", "KNI", "{02EA681E-C7D8-13C7-8484-4AC65E1B71E8}"
EndProject
Global
	GlobalSection(SolutionConfigurationPlatforms) = preSolution
		Debug|Any CPU = Debug|Any CPU
		Release|Any CPU = Release|Any CPU
	EndGlobalSection
	GlobalSection(ProjectConfigurationPlatforms) = postSolution
		{51E9E4DE-8987-4342-9C36-A80864E42A57}.Debug|Any CPU.ActiveCfg = Debug|Any CPU
		{51E9E4DE-8987-4342-9C36-A80864E42A57}.Debug|Any CPU.Build.0 = Debug|Any CPU
		{51E9E4DE-8987-4342-9C36-A80864E42A57}.Release|Any CPU.ActiveCfg = Release|Any CPU
		{51E9E4DE-8987-4342-9C36-A80864E42A57}.Release|Any CPU.Build.0 = Release|Any CPU
		{CE6C7637-2B0F-4F96-98AE-B6E778C385E7}.Debug|Any CPU.ActiveCfg = Debug|Any CPU
		{CE6C7637-2B0F-4F96-98AE-B6E778C385E7}.Debug|Any CPU.Build.0 = Debug|Any CPU
		{CE6C7637-2B0F-4F96-98AE-B6E778C385E7}.Release|Any CPU.ActiveCfg = Release|Any CPU
		{CE6C7637-2B0F-4F96-98AE-B6E778C385E7}.Release|Any CPU.Build.0 = Release|Any CPU
		{45706BCB-406D-4468-9ECD-453C4FC1D370}.Debug|Any CPU.ActiveCfg = Debug|Any CPU
		{45706BCB-406D-4468-9ECD-453C4FC1D370}.Debug|Any CPU.Build.0 = Debug|Any CPU
		{45706BCB-406D-4468-9ECD-453C4FC1D370}.Release|Any CPU.ActiveCfg = Release|Any CPU
		{45706BCB-406D-4468-9ECD-453C4FC1D370}.Release|Any CPU.Build.0 = Release|Any CPU
		{7ECF106A-6FBC-4107-8C3E-B9D06A8EF69B}.Debug|Any CPU.ActiveCfg = Debug|Any CPU
		{7ECF106A-6FBC-4107-8C3E-B9D06A8EF69B}.Debug|Any CPU.Build.0 = Debug|Any CPU
		{7ECF106A-6FBC-4107-8C3E-B9D06A8EF69B}.Release|Any CPU.ActiveCfg = Release|Any CPU
		{7ECF106A-6FBC-4107-8C3E-B9D06A8EF69B}.Release|Any CPU.Build.0 = Release|Any CPU
		{9AF6D024-5483-4B30-96F0-3CE66C8A0DC7}.Debug|Any CPU.ActiveCfg = Debug|Any CPU
		{9AF6D024-5483-4B30-96F0-3CE66C8A0DC7}.Debug|Any CPU.Build.0 = Debug|Any CPU
		{9AF6D024-5483-4B30-96F0-3CE66C8A0DC7}.Release|Any CPU.ActiveCfg = Release|Any CPU
		{9AF6D024-5483-4B30-96F0-3CE66C8A0DC7}.Release|Any CPU.Build.0 = Release|Any CPU
		{F28B1A02-B74F-4D96-9488-EC6041D8BBD1}.Debug|Any CPU.ActiveCfg = Debug|Any CPU
		{F28B1A02-B74F-4D96-9488-EC6041D8BBD1}.Debug|Any CPU.Build.0 = Debug|Any CPU
		{F28B1A02-B74F-4D96-9488-EC6041D8BBD1}.Release|Any CPU.ActiveCfg = Release|Any CPU
		{F28B1A02-B74F-4D96-9488-EC6041D8BBD1}.Release|Any CPU.Build.0 = Release|Any CPU
	EndGlobalSection
	GlobalSection(SolutionProperties) = preSolution
		HideSolutionNode = FALSE
	EndGlobalSection
	GlobalSection(NestedProjects) = preSolution
		{7ECF106A-6FBC-4107-8C3E-B9D06A8EF69B} = {02EA681E-C7D8-13C7-8484-4AC65E1B71E8}
		{9AF6D024-5483-4B30-96F0-3CE66C8A0DC7} = {02EA681E-C7D8-13C7-8484-4AC65E1B71E8}
		{41258357-1B45-41C2-AE51-B33D37137EDF} = {02EA681E-C7D8-13C7-8484-4AC65E1B71E8}
		{F28B1A02-B74F-4D96-9488-EC6041D8BBD1} = {02EA681E-C7D8-13C7-8484-4AC65E1B71E8}
	EndGlobalSection
	GlobalSection(ExtensibilityGlobals) = postSolution
		SolutionGuid = {8CDF9576-F13B-4498-8636-A7B9DBB3C055}
	EndGlobalSection
	GlobalSection(SharedMSBuildProjectFiles) = preSolution
		..\SayoKNI\SayoKNI.Shared\SayoKNI.Shared.projitems*{41258357-1b45-41c2-ae51-b33d37137edf}*SharedItemsImports = 13
		..\SayoKNI\SayoKNI.Shared\SayoKNI.Shared.projitems*{7ecf106a-6fbc-4107-8c3e-b9d06a8ef69b}*SharedItemsImports = 5
		..\SayoKNI\SayoKNI.Shared\SayoKNI.Shared.projitems*{9af6d024-5483-4b30-96f0-3ce66c8a0dc7}*SharedItemsImports = 5
		..\SayoKNI\SayoKNI.Shared\SayoKNI.Shared.projitems*{f28b1a02-b74f-4d96-9488-ec6041d8bbd1}*SharedItemsImports = 5
	EndGlobalSection
EndGlobal
